
Microsoft Visual Studio Solution File, Format Version 12.00
# Visual Studio Version 17
VisualStudioVersion = 17.14.36930.0 d17.14
MinimumVisualStudioVersion = 10.0.40219.1
Project("{FAE04EC0-301F-11D3-BF4B-00C04F79EFBC}") = "CargoTrack.Entity", "Entity\CargoTrack.Entity.csproj", "{205082DF-F6F7-431C-8990-966C4C7E4693}"
EndProject
Project("{FAE04EC0-301F-11D3-BF4B-00C04F79EFBC}") = "CargoTrack.DataAccess", "CargoTrack.DataAccess\CargoTrack.DataAccess.csproj", "{AE27B928-0217-4A1D-A16B-52C6901D7094}"
EndProject
Project("{FAE04EC0-301F-11D3-BF4B-00C04F79EFBC}") = "CargoTrack.DTO", "CargoTrack.DTO\CargoTrack.DTO.csproj", "{C54CD2CC-9D76-4258-BE6F-7AA09768AF71}"
EndProject
Project("{FAE04EC0-301F-11D3-BF4B-00C04F79EFBC}") = "CargoTrack.Business", "CargoTrack.Business\CargoTrack.Business.csproj", "{3EDC8892-E29F-4EAF-AB27-75CAF341CA01}"
EndProject
Project("{FAE04EC0-301F-11D3-BF4B-00C04F79EFBC}") = "CargoTrack.WebUI", "CargoTrack.WebUI\CargoTrack.WebUI.csproj", "{98E511F1-DE13-4D88-9E1E-C0570DD28C1E}"
EndProject
Global
	GlobalSection(SolutionConfigurationPlatforms) = preSolution
		Debug|Any CPU = Debug|Any CPU
		Release|Any CPU = Release|Any CPU
	EndGlobalSection
	GlobalSection(ProjectConfigurationPlatforms) = postSolution
		{205082DF-F6F7-431C-8990-966C4C7E4693}.Debug|Any CPU.ActiveCfg = Debug|Any CPU
		{205082DF-F6F7-431C-8990-966C4C7E4693}.Debug|Any CPU.Build.0 = Debug|Any CPU
		{205082DF-F6F7-431C-8990-966C4C7E4693}.Release|Any CPU.ActiveCfg = Release|Any CPU
		{205082DF-F6F7-431C-8990-966C4C7E4693}.Release|Any CPU.Build.0 = Release|Any CPU
		{AE27B928-0217-4A1D-A16B-52C6901D7094}.Debug|Any CPU.ActiveCfg = Debug|Any CPU
		{AE27B928-0217-4A1D-A16B-52C6901D7094}.Debug|Any CPU.Build.0 = Debug|Any CPU
		{AE27B928-0217-4A1D-A16B-52C6901D7094}.Release|Any CPU.ActiveCfg = Release|Any CPU
		{AE27B928-0217-4A1D-A16B-52C6901D7094}.Release|Any CPU.Build.0 = Release|Any CPU
		{C54CD2CC-9D76-4258-BE6F-7AA09768AF71}.Debug|Any CPU.ActiveCfg = Debug|Any CPU
		{C54CD2CC-9D76-4258-BE6F-7AA09768AF71}.Debug|Any CPU.Build.0 = Debug|Any CPU
		{C54CD2CC-9D76-4258-BE6F-7AA09768AF71}.Release|Any CPU.ActiveCfg = Release|Any CPU
		{C54CD2CC-9D76-4258-BE6F-7AA09768AF71}.Release|Any CPU.Build.0 = Release|Any CPU
		{3EDC8892-E29F-4EAF-AB27-75CAF341CA01}.Debug|Any CPU.ActiveCfg = Debug|Any CPU
		{3EDC8892-E29F-4EAF-AB27-75CAF341CA01}.Debug|Any CPU.Build.0 = Debug|Any CPU
		{3EDC8892-E29F-4EAF-AB27-75CAF341CA01}.Release|Any CPU.ActiveCfg = Release|Any CPU
		{3EDC8892-E29F-4EAF-AB27-75CAF341CA01}.Release|Any CPU.Build.0 = Release|Any CPU
		{98E511F1-DE13-4D88-9E1E-C0570DD28C1E}.Debug|Any CPU.ActiveCfg = Debug|Any CPU
		{98E511F1-DE13-4D88-9E1E-C0570DD28C1E}.Debug|Any CPU.Build.0 = Debug|Any CPU
		{98E511F1-DE13-4D88-9E1E-C0570DD28C1E}.Release|Any CPU.ActiveCfg = Release|Any CPU
		{98E511F1-DE13-4D88-9E1E-C0570DD28C1E}.Release|Any CPU.Build.0 = Release|Any CPU
	EndGlobalSection
	GlobalSection(SolutionProperties) = preSolution
		HideSolutionNode = FALSE
	EndGlobalSection
	GlobalSection(ExtensibilityGlobals) = postSolution
		SolutionGuid = {C93E462A-93B5-4674-A7B3-B95AC035625B}
	EndGlobalSection
EndGlobal
